
Microsoft Visual Studio Solution File, Format Version 12.00
# Visual Studio Version 17
VisualStudioVersion = 17.4.33205.214
MinimumVisualStudioVersion = 10.0.40219.1
Project("{9A19103F-16F7-4668-BE54-9A1E7A4F7556}") = "BulkyBookWeb", "BulkyBookWeb\BulkyBookWeb.csproj", "{3E157220-C791-4523-AFB8-AE9741019CEB}"
EndProject
Project("{FAE04EC0-301F-11D3-BF4B-00C04F79EFBC}") = "BulkyBook.DataAccess", "BulkyBook.DataAccess\BulkyBook.DataAccess.csproj", "{6367E707-F9EB-4331-ADC2-82FCA2761374}"
EndProject
Project("{FAE04EC0-301F-11D3-BF4B-00C04F79EFBC}") = "BulkyBook.Models", "BulkyBook.Models\BulkyBook.Models.csproj", "{85DD4455-7DBA-4F32-9F17-0176E667970D}"
EndProject
Project("{FAE04EC0-301F-11D3-BF4B-00C04F79EFBC}") = "BulkyBook.Utility", "BulkyBook.Utility\BulkyBook.Utility.csproj", "{B5159C92-2531-4580-AD5D-5A7D21FA299A}"
EndProject
Global
	GlobalSection(SolutionConfigurationPlatforms) = preSolution
		Debug|Any CPU = Debug|Any CPU
		Release|Any CPU = Release|Any CPU
	EndGlobalSection
	GlobalSection(ProjectConfigurationPlatforms) = postSolution
		{3E157220-C791-4523-AFB8-AE9741019CEB}.Debug|Any CPU.ActiveCfg = Debug|Any CPU
		{3E157220-C791-4523-AFB8-AE9741019CEB}.Debug|Any CPU.Build.0 = Debug|Any CPU
		{3E157220-C791-4523-AFB8-AE9741019CEB}.Release|Any CPU.ActiveCfg = Release|Any CPU
		{3E157220-C791-4523-AFB8-AE9741019CEB}.Release|Any CPU.Build.0 = Release|Any CPU
		{6367E707-F9EB-4331-ADC2-82FCA2761374}.Debug|Any CPU.ActiveCfg = Debug|Any CPU
		{6367E707-F9EB-4331-ADC2-82FCA2761374}.Debug|Any CPU.Build.0 = Debug|Any CPU
		{6367E707-F9EB-4331-ADC2-82FCA2761374}.Release|Any CPU.ActiveCfg = Release|Any CPU
		{6367E707-F9EB-4331-ADC2-82FCA2761374}.Release|Any CPU.Build.0 = Release|Any CPU
		{85DD4455-7DBA-4F32-9F17-0176E667970D}.Debug|Any CPU.ActiveCfg = Debug|Any CPU
		{85DD4455-7DBA-4F32-9F17-0176E667970D}.Debug|Any CPU.Build.0 = Debug|Any CPU
		{85DD4455-7DBA-4F32-9F17-0176E667970D}.Release|Any CPU.ActiveCfg = Release|Any CPU
		{85DD4455-7DBA-4F32-9F17-0176E667970D}.Release|Any CPU.Build.0 = Release|Any CPU
		{B5159C92-2531-4580-AD5D-5A7D21FA299A}.Debug|Any CPU.ActiveCfg = Debug|Any CPU
		{B5159C92-2531-4580-AD5D-5A7D21FA299A}.Debug|Any CPU.Build.0 = Debug|Any CPU
		{B5159C92-2531-4580-AD5D-5A7D21FA299A}.Release|Any CPU.ActiveCfg = Release|Any CPU
		{B5159C92-2531-4580-AD5D-5A7D21FA299A}.Release|Any CPU.Build.0 = Release|Any CPU
	EndGlobalSection
	GlobalSection(SolutionProperties) = preSolution
		HideSolutionNode = FALSE
	EndGlobalSection
	GlobalSection(ExtensibilityGlobals) = postSolution
		SolutionGuid = {39528BAA-5CA0-45D1-89AF-C5C90F9F60E2}
	EndGlobalSection
EndGlobal
